
Microsoft Visual Studio Solution File, Format Version 12.00
# Visual Studio Version 17
VisualStudioVersion = 17.3.32929.385
MinimumVisualStudioVersion = 10.0.40219.1
Project("{FAE04EC0-301F-11D3-BF4B-00C04F79EFBC}") = "PHD_ChallengeDesktop", "PHD_ChallengeDesktop.csproj", "{23BE35F8-CC6F-479D-A51F-E7F9984E7C9B}"
EndProject
Global
	GlobalSection(SolutionConfigurationPlatforms) = preSolution
		Debug|Any CPU = Debug|Any CPU
		Release|Any CPU = Release|Any CPU
	EndGlobalSection
	GlobalSection(ProjectConfigurationPlatforms) = postSolution
		{23BE35F8-CC6F-479D-A51F-E7F9984E7C9B}.Debug|Any CPU.ActiveCfg = Debug|Any CPU
		{23BE35F8-CC6F-479D-A51F-E7F9984E7C9B}.Debug|Any CPU.Build.0 = Debug|Any CPU
		{23BE35F8-CC6F-479D-A51F-E7F9984E7C9B}.Release|Any CPU.ActiveCfg = Release|Any CPU
		{23BE35F8-CC6F-479D-A51F-E7F9984E7C9B}.Release|Any CPU.Build.0 = Release|Any CPU
	EndGlobalSection
	GlobalSection(SolutionProperties) = preSolution
		HideSolutionNode = FALSE
	EndGlobalSection
	GlobalSection(ExtensibilityGlobals) = postSolution
		SolutionGuid = {C8CF4D05-0812-4572-80B2-FDF2C046A234}
	EndGlobalSection
EndGlobal
